
Microsoft Visual Studio Solution File, Format Version 12.00
# Visual Studio 15
VisualStudioVersion = 15.0.27004.2010
MinimumVisualStudioVersion = 10.0.40219.1
Project("{9A19103F-16F7-4668-BE54-9A1E7A4F7556}") = "CA-WhatCanIEat", "CA-WhatCanIEat\CA-WhatCanIEat.csproj", "{E45FCDCA-9EFF-40E9-A076-D76FD9B191C3}"
EndProject
Project("{FAE04EC0-301F-11D3-BF4B-00C04F79EFBC}") = "XUnitTest", "XUnitTest\XUnitTest.csproj", "{EE5877EE-03C8-4972-9553-87C2D4029AFF}"
EndProject
Global
	GlobalSection(SolutionConfigurationPlatforms) = preSolution
		Debug|Any CPU = Debug|Any CPU
		Release|Any CPU = Release|Any CPU
	EndGlobalSection
	GlobalSection(ProjectConfigurationPlatforms) = postSolution
		{E45FCDCA-9EFF-40E9-A076-D76FD9B191C3}.Debug|Any CPU.ActiveCfg = Debug|Any CPU
		{E45FCDCA-9EFF-40E9-A076-D76FD9B191C3}.Debug|Any CPU.Build.0 = Debug|Any CPU
		{E45FCDCA-9EFF-40E9-A076-D76FD9B191C3}.Release|Any CPU.ActiveCfg = Release|Any CPU
		{E45FCDCA-9EFF-40E9-A076-D76FD9B191C3}.Release|Any CPU.Build.0 = Release|Any CPU
		{EE5877EE-03C8-4972-9553-87C2D4029AFF}.Debug|Any CPU.ActiveCfg = Debug|Any CPU
		{EE5877EE-03C8-4972-9553-87C2D4029AFF}.Debug|Any CPU.Build.0 = Debug|Any CPU
		{EE5877EE-03C8-4972-9553-87C2D4029AFF}.Release|Any CPU.ActiveCfg = Release|Any CPU
		{EE5877EE-03C8-4972-9553-87C2D4029AFF}.Release|Any CPU.Build.0 = Release|Any CPU
	EndGlobalSection
	GlobalSection(SolutionProperties) = preSolution
		HideSolutionNode = FALSE
	EndGlobalSection
	GlobalSection(ExtensibilityGlobals) = postSolution
		SolutionGuid = {F81C6BD0-1BAC-4A4B-92D8-DEA0BC96764D}
	EndGlobalSection
EndGlobal
